Microsoft Visual Studio Solution File, Format Version 12.00
# Visual Studio Version 17
VisualStudioVersion = 17.4.33213.308
MinimumVisualStudioVersion = 10.0.40219.1
Project("{FAE04EC0-301F-11D3-BF4B-00C04F79EFBC}") = "Web", "WebApp\Web.csproj", "{56435E98-A5CF-41E1-95F3-E38BDF8FB328}"
EndProject
Project("{FAE04EC0-301F-11D3-BF4B-00C04F79EFBC}") = "WebApp.Tests", "WebApp.Tests\WebApp.Tests.csproj", "{8B7A9E1C-4D3E-4F2A-B5C6-9E8F7A6B5D4C}"
EndProject
Global
	GlobalSection(SolutionConfigurationPlatforms) = preSolution
		Debug|Any CPU = Debug|Any CPU
		Release|Any CPU = Release|Any CPU
	EndGlobalSection
	GlobalSection(ProjectConfigurationPlatforms) = postSolution
		{56435E98-A5CF-41E1-95F3-E38BDF8FB328}.Debug|Any CPU.ActiveCfg = Debug|Any CPU
		{56435E98-A5CF-41E1-95F3-E38BDF8FB328}.Debug|Any CPU.Build.0 = Debug|Any CPU
		{56435E98-A5CF-41E1-95F3-E38BDF8FB328}.Release|Any CPU.ActiveCfg = Release|Any CPU
		{56435E98-A5CF-41E1-95F3-E38BDF8FB328}.Release|Any CPU.Build.0 = Release|Any CPU
		{8B7A9E1C-4D3E-4F2A-B5C6-9E8F7A6B5D4C}.Debug|Any CPU.ActiveCfg = Debug|Any CPU
		{8B7A9E1C-4D3E-4F2A-B5C6-9E8F7A6B5D4C}.Debug|Any CPU.Build.0 = Debug|Any CPU
		{8B7A9E1C-4D3E-4F2A-B5C6-9E8F7A6B5D4C}.Release|Any CPU.ActiveCfg = Release|Any CPU
		{8B7A9E1C-4D3E-4F2A-B5C6-9E8F7A6B5D4C}.Release|Any CPU.Build.0 = Release|Any CPU
	EndGlobalSection
	GlobalSection(SolutionProperties) = preSolution
		HideSolutionNode = FALSE
	EndGlobalSection
	GlobalSection(ExtensibilityGlobals) = postSolution
		SolutionGuid = {6EB4B44B-CEB8-4F30-AC6C-64BF707D63F1}
	EndGlobalSection
EndGlobal
